
Microsoft Visual Studio Solution File, Format Version 12.00
# Visual Studio Version 17
VisualStudioVersion = 17.12.35527.113
MinimumVisualStudioVersion = 10.0.40219.1
Project("{FAE04EC0-301F-11D3-BF4B-00C04F79EFBC}") = "EduMobile.Server", "EduMobile.Server\EduMobile.Server.csproj", "{E970F5F6-E568-4B20-9D99-7D822771DC30}"
EndProject
Project("{54A90642-561A-4BB1-A94E-469ADEE60C69}") = "edumobile.client", "edumobile.client\edumobile.client.esproj", "{B6B4B9A1-6E97-4F73-BA35-B8205309ED38}"
EndProject
Project("{FAE04EC0-301F-11D3-BF4B-00C04F79EFBC}") = "EduMobileTests", "EduMobileTests\EduMobileTests.csproj", "{F039F9A7-38AC-4117-B50F-C9129D031616}"
EndProject
Global
	GlobalSection(SolutionConfigurationPlatforms) = preSolution
		Debug|Any CPU = Debug|Any CPU
		Release|Any CPU = Release|Any CPU
	EndGlobalSection
	GlobalSection(ProjectConfigurationPlatforms) = postSolution
		{E970F5F6-E568-4B20-9D99-7D822771DC30}.Debug|Any CPU.ActiveCfg = Debug|Any CPU
		{E970F5F6-E568-4B20-9D99-7D822771DC30}.Debug|Any CPU.Build.0 = Debug|Any CPU
		{E970F5F6-E568-4B20-9D99-7D822771DC30}.Release|Any CPU.ActiveCfg = Release|Any CPU
		{E970F5F6-E568-4B20-9D99-7D822771DC30}.Release|Any CPU.Build.0 = Release|Any CPU
		{B6B4B9A1-6E97-4F73-BA35-B8205309ED38}.Debug|Any CPU.ActiveCfg = Debug|Any CPU
		{B6B4B9A1-6E97-4F73-BA35-B8205309ED38}.Debug|Any CPU.Build.0 = Debug|Any CPU
		{B6B4B9A1-6E97-4F73-BA35-B8205309ED38}.Debug|Any CPU.Deploy.0 = Debug|Any CPU
		{B6B4B9A1-6E97-4F73-BA35-B8205309ED38}.Release|Any CPU.ActiveCfg = Release|Any CPU
		{B6B4B9A1-6E97-4F73-BA35-B8205309ED38}.Release|Any CPU.Build.0 = Release|Any CPU
		{B6B4B9A1-6E97-4F73-BA35-B8205309ED38}.Release|Any CPU.Deploy.0 = Release|Any CPU
		{F039F9A7-38AC-4117-B50F-C9129D031616}.Debug|Any CPU.ActiveCfg = Debug|Any CPU
		{F039F9A7-38AC-4117-B50F-C9129D031616}.Debug|Any CPU.Build.0 = Debug|Any CPU
		{F039F9A7-38AC-4117-B50F-C9129D031616}.Release|Any CPU.ActiveCfg = Release|Any CPU
		{F039F9A7-38AC-4117-B50F-C9129D031616}.Release|Any CPU.Build.0 = Release|Any CPU
	EndGlobalSection
	GlobalSection(SolutionProperties) = preSolution
		HideSolutionNode = FALSE
	EndGlobalSection
EndGlobal
